
Microsoft Visual Studio Solution File, Format Version 12.00
# Visual Studio Version 16
VisualStudioVersion = 16.0.30907.101
MinimumVisualStudioVersion = 10.0.40219.1
Project("{FAE04EC0-301F-11D3-BF4B-00C04F79EFBC}") = "SimpleChat", "SimpleChat\SimpleChat.csproj", "{4654B672-B280-4823-B90B-1E6642C5F121}"
EndProject
Global
	GlobalSection(SolutionConfigurationPlatforms) = preSolution
		Debug|Any CPU = Debug|Any CPU
		Release|Any CPU = Release|Any CPU
	EndGlobalSection
	GlobalSection(ProjectConfigurationPlatforms) = postSolution
		{4654B672-B280-4823-B90B-1E6642C5F121}.Debug|Any CPU.ActiveCfg = Debug|Any CPU
		{4654B672-B280-4823-B90B-1E6642C5F121}.Debug|Any CPU.Build.0 = Debug|Any CPU
		{4654B672-B280-4823-B90B-1E6642C5F121}.Release|Any CPU.ActiveCfg = Release|Any CPU
		{4654B672-B280-4823-B90B-1E6642C5F121}.Release|Any CPU.Build.0 = Release|Any CPU
	EndGlobalSection
	GlobalSection(SolutionProperties) = preSolution
		HideSolutionNode = FALSE
	EndGlobalSection
	GlobalSection(ExtensibilityGlobals) = postSolution
		SolutionGuid = {F5EB53C1-226A-4AA6-AEDB-51E7E1F9A679}
	EndGlobalSection
EndGlobal
